
Microsoft Visual Studio Solution File, Format Version 12.00
# Visual Studio Version 17
VisualStudioVersion = 17.2.32516.85
MinimumVisualStudioVersion = 10.0.40219.1
Project("{9A19103F-16F7-4668-BE54-9A1E7A4F7556}") = "Fitness1919.Web", "Fitness1919\Fitness1919.Web.csproj", "{1FEF4BD4-1787-4872-9CF8-AE1B5BED1431}"
EndProject
Project("{2150E333-8FDC-42A3-9474-1A3956D46DE8}") = "Data", "Data", "{9D49D4A9-4AD2-4F5B-A28E-03361E9F94FA}"
EndProject
Project("{2150E333-8FDC-42A3-9474-1A3956D46DE8}") = "Web", "Web", "{6B2F0FF8-B55F-4D83-8966-1AEAAF02B827}"
EndProject
Project("{9A19103F-16F7-4668-BE54-9A1E7A4F7556}") = "Fitness1919.Common", "Fitness1919.Common\Fitness1919.Common.csproj", "{82F3793A-D9BC-49A2-8A8C-2321E9760B25}"
EndProject
Project("{9A19103F-16F7-4668-BE54-9A1E7A4F7556}") = "Fitness1919.Data", "Fitness1919.Data\Fitness1919.Data.csproj", "{D4CA2EEE-3DA4-4FB1-8E7C-E8B1FF9072FB}"
EndProject
Project("{9A19103F-16F7-4668-BE54-9A1E7A4F7556}") = "Fitness1919.Data.Models", "Fitness1919.Data.Models\Fitness1919.Data.Models.csproj", "{1227A200-4DA3-4C43-B487-0A23A6899629}"
EndProject
Project("{9A19103F-16F7-4668-BE54-9A1E7A4F7556}") = "Fitness1919.Web.ViewModels", "Fitness1919.ViewModels\Fitness1919.Web.ViewModels.csproj", "{89AAB42E-D524-4C05-B664-592DF96C12AB}"
EndProject
Project("{2150E333-8FDC-42A3-9474-1A3956D46DE8}") = "Services", "Services", "{4324B60A-0813-4B38-A07B-119144E637EA}"
EndProject
Project("{9A19103F-16F7-4668-BE54-9A1E7A4F7556}") = "Fitness1919.Services.Data", "Fitness1919.Services.Data\Fitness1919.Services.Data.csproj", "{AB164DB1-163D-4140-9799-D1EA90881608}"
EndProject
Project("{2150E333-8FDC-42A3-9474-1A3956D46DE8}") = "Infrastructure", "Infrastructure", "{28B00205-533A-4019-B4DA-A6693D1C75A5}"
EndProject
Project("{2150E333-8FDC-42A3-9474-1A3956D46DE8}") = "ModelBinders", "ModelBinders", "{2E4344C2-EFF2-41AD-BCDF-BF6EF0F20A93}"
EndProject
Project("{9A19103F-16F7-4668-BE54-9A1E7A4F7556}") = "Fitness1919.Web.Infrastructure.ModelBinders", "Fitness1919.Web.Infrastructure.ModelBinders\Fitness1919.Web.Infrastructure.ModelBinders.csproj", "{86044237-ECD4-4DFD-A0FE-CDA898A639F1}"
EndProject
Project("{2150E333-8FDC-42A3-9474-1A3956D46DE8}") = "Extensions", "Extensions", "{0AF00C58-EA4F-437C-A409-A5EDDCDF0173}"
EndProject
Project("{9A19103F-16F7-4668-BE54-9A1E7A4F7556}") = "Fitness1919.Web.Infrastructure.Extensions", "Fitness1919.Web.Infrastructure.Extensions\Fitness1919.Web.Infrastructure.Extensions.csproj", "{D75CC0DB-5536-4B8A-86E4-046D0C130B5C}"
EndProject
Project("{2150E333-8FDC-42A3-9474-1A3956D46DE8}") = "Common", "Common", "{788CD49F-CA33-4834-8DE8-3EEAE9890611}"
EndProject
Global
	GlobalSection(SolutionConfigurationPlatforms) = preSolution
		Debug|Any CPU = Debug|Any CPU
		Release|Any CPU = Release|Any CPU
	EndGlobalSection
	GlobalSection(ProjectConfigurationPlatforms) = postSolution
		{1FEF4BD4-1787-4872-9CF8-AE1B5BED1431}.Debug|Any CPU.ActiveCfg = Debug|Any CPU
		{1FEF4BD4-1787-4872-9CF8-AE1B5BED1431}.Debug|Any CPU.Build.0 = Debug|Any CPU
		{1FEF4BD4-1787-4872-9CF8-AE1B5BED1431}.Release|Any CPU.ActiveCfg = Release|Any CPU
		{1FEF4BD4-1787-4872-9CF8-AE1B5BED1431}.Release|Any CPU.Build.0 = Release|Any CPU
		{82F3793A-D9BC-49A2-8A8C-2321E9760B25}.Debug|Any CPU.ActiveCfg = Debug|Any CPU
		{82F3793A-D9BC-49A2-8A8C-2321E9760B25}.Debug|Any CPU.Build.0 = Debug|Any CPU
		{82F3793A-D9BC-49A2-8A8C-2321E9760B25}.Release|Any CPU.ActiveCfg = Release|Any CPU
		{82F3793A-D9BC-49A2-8A8C-2321E9760B25}.Release|Any CPU.Build.0 = Release|Any CPU
		{D4CA2EEE-3DA4-4FB1-8E7C-E8B1FF9072FB}.Debug|Any CPU.ActiveCfg = Debug|Any CPU
		{D4CA2EEE-3DA4-4FB1-8E7C-E8B1FF9072FB}.Debug|Any CPU.Build.0 = Debug|Any CPU
		{D4CA2EEE-3DA4-4FB1-8E7C-E8B1FF9072FB}.Release|Any CPU.ActiveCfg = Release|Any CPU
		{D4CA2EEE-3DA4-4FB1-8E7C-E8B1FF9072FB}.Release|Any CPU.Build.0 = Release|Any CPU
		{1227A200-4DA3-4C43-B487-0A23A6899629}.Debug|Any CPU.ActiveCfg = Debug|Any CPU
		{1227A200-4DA3-4C43-B487-0A23A6899629}.Debug|Any CPU.Build.0 = Debug|Any CPU
		{1227A200-4DA3-4C43-B487-0A23A6899629}.Release|Any CPU.ActiveCfg = Release|Any CPU
		{1227A200-4DA3-4C43-B487-0A23A6899629}.Release|Any CPU.Build.0 = Release|Any CPU
		{89AAB42E-D524-4C05-B664-592DF96C12AB}.Debug|Any CPU.ActiveCfg = Debug|Any CPU
		{89AAB42E-D524-4C05-B664-592DF96C12AB}.Debug|Any CPU.Build.0 = Debug|Any CPU
		{89AAB42E-D524-4C05-B664-592DF96C12AB}.Release|Any CPU.ActiveCfg = Release|Any CPU
		{89AAB42E-D524-4C05-B664-592DF96C12AB}.Release|Any CPU.Build.0 = Release|Any CPU
		{AB164DB1-163D-4140-9799-D1EA90881608}.Debug|Any CPU.ActiveCfg = Debug|Any CPU
		{AB164DB1-163D-4140-9799-D1EA90881608}.Debug|Any CPU.Build.0 = Debug|Any CPU
		{AB164DB1-163D-4140-9799-D1EA90881608}.Release|Any CPU.ActiveCfg = Release|Any CPU
		{AB164DB1-163D-4140-9799-D1EA90881608}.Release|Any CPU.Build.0 = Release|Any CPU
		{86044237-ECD4-4DFD-A0FE-CDA898A639F1}.Debug|Any CPU.ActiveCfg = Debug|Any CPU
		{86044237-ECD4-4DFD-A0FE-CDA898A639F1}.Debug|Any CPU.Build.0 = Debug|Any CPU
		{86044237-ECD4-4DFD-A0FE-CDA898A639F1}.Release|Any CPU.ActiveCfg = Release|Any CPU
		{86044237-ECD4-4DFD-A0FE-CDA898A639F1}.Release|Any CPU.Build.0 = Release|Any CPU
		{D75CC0DB-5536-4B8A-86E4-046D0C130B5C}.Debug|Any CPU.ActiveCfg = Debug|Any CPU
		{D75CC0DB-5536-4B8A-86E4-046D0C130B5C}.Debug|Any CPU.Build.0 = Debug|Any CPU
		{D75CC0DB-5536-4B8A-86E4-046D0C130B5C}.Release|Any CPU.ActiveCfg = Release|Any CPU
		{D75CC0DB-5536-4B8A-86E4-046D0C130B5C}.Release|Any CPU.Build.0 = Release|Any CPU
	EndGlobalSection
	GlobalSection(SolutionProperties) = preSolution
		HideSolutionNode = FALSE
	EndGlobalSection
	GlobalSection(NestedProjects) = preSolution
		{1FEF4BD4-1787-4872-9CF8-AE1B5BED1431} = {6B2F0FF8-B55F-4D83-8966-1AEAAF02B827}
		{82F3793A-D9BC-49A2-8A8C-2321E9760B25} = {788CD49F-CA33-4834-8DE8-3EEAE9890611}
		{D4CA2EEE-3DA4-4FB1-8E7C-E8B1FF9072FB} = {9D49D4A9-4AD2-4F5B-A28E-03361E9F94FA}
		{1227A200-4DA3-4C43-B487-0A23A6899629} = {9D49D4A9-4AD2-4F5B-A28E-03361E9F94FA}
		{89AAB42E-D524-4C05-B664-592DF96C12AB} = {6B2F0FF8-B55F-4D83-8966-1AEAAF02B827}
		{AB164DB1-163D-4140-9799-D1EA90881608} = {4324B60A-0813-4B38-A07B-119144E637EA}
		{2E4344C2-EFF2-41AD-BCDF-BF6EF0F20A93} = {28B00205-533A-4019-B4DA-A6693D1C75A5}
		{86044237-ECD4-4DFD-A0FE-CDA898A639F1} = {2E4344C2-EFF2-41AD-BCDF-BF6EF0F20A93}
		{0AF00C58-EA4F-437C-A409-A5EDDCDF0173} = {28B00205-533A-4019-B4DA-A6693D1C75A5}
		{D75CC0DB-5536-4B8A-86E4-046D0C130B5C} = {0AF00C58-EA4F-437C-A409-A5EDDCDF0173}
	EndGlobalSection
	GlobalSection(ExtensibilityGlobals) = postSolution
		SolutionGuid = {92B0E621-8B90-452B-BEB8-9E9A4ADEDFAC}
	EndGlobalSection
EndGlobal
